
Microsoft Visual Studio Solution File, Format Version 12.00
# Visual Studio Version 17
VisualStudioVersion = 17.0.31903.59
MinimumVisualStudioVersion = 10.0.40219.1
Project("{2150E333-8FDC-42A3-9474-1A3956D46DE8}") = "server", "server", "{0BE647F4-D390-411F-9682-E9CACAF0A3FE}"
EndProject
Project("{FAE04EC0-301F-11D3-BF4B-00C04F79EFBC}") = "PoultryFarmManager.WebAPI", "server\PoultryFarmManager.WebAPI\PoultryFarmManager.WebAPI.csproj", "{979C209F-991D-42D5-BD1C-D2C33E8AD88E}"
EndProject
Project("{2150E333-8FDC-42A3-9474-1A3956D46DE8}") = "Tests", "Tests", "{0E3D3601-1F46-43E3-BC89-C29E4F35D1DB}"
EndProject
Project("{FAE04EC0-301F-11D3-BF4B-00C04F79EFBC}") = "PoultryFarmManager.Tests.Integration", "server\Tests\PoultryFarmManager.Tests.Integration\PoultryFarmManager.Tests.Integration.csproj", "{084C5BA1-74FE-4BA2-A14C-93DBB80A1087}"
EndProject
Global
	GlobalSection(SolutionConfigurationPlatforms) = preSolution
		Debug|Any CPU = Debug|Any CPU
		Release|Any CPU = Release|Any CPU
	EndGlobalSection
	GlobalSection(SolutionProperties) = preSolution
		HideSolutionNode = FALSE
	EndGlobalSection
	GlobalSection(ProjectConfigurationPlatforms) = postSolution
		{979C209F-991D-42D5-BD1C-D2C33E8AD88E}.Debug|Any CPU.ActiveCfg = Debug|Any CPU
		{979C209F-991D-42D5-BD1C-D2C33E8AD88E}.Debug|Any CPU.Build.0 = Debug|Any CPU
		{979C209F-991D-42D5-BD1C-D2C33E8AD88E}.Release|Any CPU.ActiveCfg = Release|Any CPU
		{979C209F-991D-42D5-BD1C-D2C33E8AD88E}.Release|Any CPU.Build.0 = Release|Any CPU
		{084C5BA1-74FE-4BA2-A14C-93DBB80A1087}.Debug|Any CPU.ActiveCfg = Debug|Any CPU
		{084C5BA1-74FE-4BA2-A14C-93DBB80A1087}.Debug|Any CPU.Build.0 = Debug|Any CPU
		{084C5BA1-74FE-4BA2-A14C-93DBB80A1087}.Release|Any CPU.ActiveCfg = Release|Any CPU
		{084C5BA1-74FE-4BA2-A14C-93DBB80A1087}.Release|Any CPU.Build.0 = Release|Any CPU
	EndGlobalSection
	GlobalSection(NestedProjects) = preSolution
		{979C209F-991D-42D5-BD1C-D2C33E8AD88E} = {0BE647F4-D390-411F-9682-E9CACAF0A3FE}
		{0E3D3601-1F46-43E3-BC89-C29E4F35D1DB} = {0BE647F4-D390-411F-9682-E9CACAF0A3FE}
		{084C5BA1-74FE-4BA2-A14C-93DBB80A1087} = {0E3D3601-1F46-43E3-BC89-C29E4F35D1DB}
	EndGlobalSection
EndGlobal
